
Microsoft Visual Studio Solution File, Format Version 12.00
# Visual Studio Version 17
VisualStudioVersion = 17.2.32630.192
MinimumVisualStudioVersion = 10.0.40219.1
Project("{9A19103F-16F7-4668-BE54-9A1E7A4F7556}") = "AppLauncher", "AppLauncher\AppLauncher.csproj", "{40FC872B-120C-43F5-8B60-F78FF02FEA45}"
EndProject
Project("{9A19103F-16F7-4668-BE54-9A1E7A4F7556}") = "AppLauncher.TestConsole", "AppLauncher.TestConsole\AppLauncher.TestConsole.csproj", "{5A39131A-53D5-4839-8E87-C79AF169A58A}"
EndProject
Project("{FAE04EC0-301F-11D3-BF4B-00C04F79EFBC}") = "AppLauncherStarter", "AppLauncherStarter\AppLauncherStarter.csproj", "{587F2205-8361-4E3F-A457-04C623A5ED1F}"
EndProject
Global
	GlobalSection(SolutionConfigurationPlatforms) = preSolution
		Debug|Any CPU = Debug|Any CPU
		Release|Any CPU = Release|Any CPU
	EndGlobalSection
	GlobalSection(ProjectConfigurationPlatforms) = postSolution
		{40FC872B-120C-43F5-8B60-F78FF02FEA45}.Debug|Any CPU.ActiveCfg = Debug|Any CPU
		{40FC872B-120C-43F5-8B60-F78FF02FEA45}.Debug|Any CPU.Build.0 = Debug|Any CPU
		{40FC872B-120C-43F5-8B60-F78FF02FEA45}.Release|Any CPU.ActiveCfg = Release|Any CPU
		{40FC872B-120C-43F5-8B60-F78FF02FEA45}.Release|Any CPU.Build.0 = Release|Any CPU
		{5A39131A-53D5-4839-8E87-C79AF169A58A}.Debug|Any CPU.ActiveCfg = Debug|Any CPU
		{5A39131A-53D5-4839-8E87-C79AF169A58A}.Debug|Any CPU.Build.0 = Debug|Any CPU
		{5A39131A-53D5-4839-8E87-C79AF169A58A}.Release|Any CPU.ActiveCfg = Release|Any CPU
		{5A39131A-53D5-4839-8E87-C79AF169A58A}.Release|Any CPU.Build.0 = Release|Any CPU
		{587F2205-8361-4E3F-A457-04C623A5ED1F}.Debug|Any CPU.ActiveCfg = Debug|Any CPU
		{587F2205-8361-4E3F-A457-04C623A5ED1F}.Debug|Any CPU.Build.0 = Debug|Any CPU
		{587F2205-8361-4E3F-A457-04C623A5ED1F}.Release|Any CPU.ActiveCfg = Release|Any CPU
		{587F2205-8361-4E3F-A457-04C623A5ED1F}.Release|Any CPU.Build.0 = Release|Any CPU
	EndGlobalSection
	GlobalSection(SolutionProperties) = preSolution
		HideSolutionNode = FALSE
	EndGlobalSection
	GlobalSection(ExtensibilityGlobals) = postSolution
		SolutionGuid = {BC7C68FC-43F7-4E8D-A69A-351AF507F1B5}
	EndGlobalSection
EndGlobal
